
Microsoft Visual Studio Solution File, Format Version 12.00
# Visual Studio Version 16
VisualStudioVersion = 16.0.31424.327
MinimumVisualStudioVersion = 10.0.40219.1
Project("{FAE04EC0-301F-11D3-BF4B-00C04F79EFBC}") = "ConnectionEg", "ConnectionEg.csproj", "{45D6AC8F-6B31-48A7-BEEF-40E30C175063}"
EndProject
Global
	GlobalSection(SolutionConfigurationPlatforms) = preSolution
		Debug|Any CPU = Debug|Any CPU
		Release|Any CPU = Release|Any CPU
	EndGlobalSection
	GlobalSection(ProjectConfigurationPlatforms) = postSolution
		{45D6AC8F-6B31-48A7-BEEF-40E30C175063}.Debug|Any CPU.ActiveCfg = Debug|Any CPU
		{45D6AC8F-6B31-48A7-BEEF-40E30C175063}.Debug|Any CPU.Build.0 = Debug|Any CPU
		{45D6AC8F-6B31-48A7-BEEF-40E30C175063}.Release|Any CPU.ActiveCfg = Release|Any CPU
		{45D6AC8F-6B31-48A7-BEEF-40E30C175063}.Release|Any CPU.Build.0 = Release|Any CPU
	EndGlobalSection
	GlobalSection(SolutionProperties) = preSolution
		HideSolutionNode = FALSE
	EndGlobalSection
	GlobalSection(ExtensibilityGlobals) = postSolution
		SolutionGuid = {C3675F91-8A95-4422-AC24-869DCAF18121}
	EndGlobalSection
EndGlobal
